// !$*UTF8*$!
{
	archiveVersion = 1;
	classes = {
	};
	objectVersion = 56;
	objects = {

/* Begin PBXBuildFile section */
		24DED0EE2EB83A1A009CC4C9 /* ArgoApp.swift in Sources */ = {isa = PBXBuildFile; fileRef = 24DED0ED2EB83A1A009CC4C9 /* ArgoApp.swift */; };
		24DED0F02EB83A1A009CC4C9 /* ContentView.swift in Sources */ = {isa = PBXBuildFile; fileRef = 24DED0EF2EB83A1A009CC4C9 /* ContentView.swift */; };
		24DED0F22EB83A1B009CC4C9 /* Assets.xcassets in Resources */ = {isa = PBXBuildFile; fileRef = 24DED0F12EB83A1B009CC4C9 /* Assets.xcassets */; };
		24DED0F52EB83A1B009CC4C9 /* Preview Assets.xcassets in Resources */ = {isa = PBXBuildFile; fileRef = 24DED0F42EB83A1B009CC4C9 /* Preview Assets.xcassets */; };
		24DED0F72EB83A1B009CC4C9 /* Persistence.swift in Sources */ = {isa = PBXBuildFile; fileRef = 24DED0F62EB83A1B009CC4C9 /* Persistence.swift */; };
		24DED0FA2EB83A1B009CC4C9 /* Argo.xcdatamodeld in Sources */ = {isa = PBXBuildFile; fileRef = 24DED0F82EB83A1B009CC4C9 /* Argo.xcdatamodeld */; };
		24DED1052EB83A1B009CC4C9 /* ArgoTests.swift in Sources */ = {isa = PBXBuildFile; fileRef = 24DED1042EB83A1B009CC4C9 /* ArgoTests.swift */; };
		24DED10F2EB83A1B009CC4C9 /* ArgoUITests.swift in Sources */ = {isa = PBXBuildFile; fileRef = 24DED10E2EB83A1B009CC4C9 /* ArgoUITests.swift */; };
		24DED1112EB83A1B009CC4C9 /* ArgoUITestsLaunchTests.swift in Sources */ = {isa = PBXBuildFile; fileRef = 24DED1102EB83A1B009CC4C9 /* ArgoUITestsLaunchTests.swift */; };
		24DED11E2EB83A65009CC4C9 /* HomeView.swift in Sources */ = {isa = PBXBuildFile; fileRef = 24DED11D2EB83A65009CC4C9 /* HomeView.swift */; };
		24DED1202EB83ED4009CC4C9 /* DiscussionsView.swift in Sources */ = {isa = PBXBuildFile; fileRef = 24DED11F2EB83ED4009CC4C9 /* DiscussionsView.swift */; };
		24DED1222EB83FC1009CC4C9 /* PeopleView.swift in Sources */ = {isa = PBXBuildFile; fileRef = 24DED1212EB83FC1009CC4C9 /* PeopleView.swift */; };
		24DED1242EB83FD2009CC4C9 /* SettingsView.swift in Sources */ = {isa = PBXBuildFile; fileRef = 24DED1232EB83FD2009CC4C9 /* SettingsView.swift */; };
		24DED1262EB860E6009CC4C9 /* APIClient.swift in Sources */ = {isa = PBXBuildFile; fileRef = 24DED1252EB860E6009CC4C9 /* APIClient.swift */; };
		24DED1282EB860FF009CC4C9 /* PersonDetailView.swift in Sources */ = {isa = PBXBuildFile; fileRef = 24DED1272EB860FF009CC4C9 /* PersonDetailView.swift */; };
		24DED12A2EB86170009CC4C9 /* APIModels.swift in Sources */ = {isa = PBXBuildFile; fileRef = 24DED1292EB86170009CC4C9 /* APIModels.swift */; };
		24DED12D2EB8729A009CC4C9 /* DiscussionDetailView.swift in Sources */ = {isa = PBXBuildFile; fileRef = 24DED12C2EB8729A009CC4C9 /* DiscussionDetailView.swift */; };
/* End PBXBuildFile section */

/* Begin PBXContainerItemProxy section */
		24DED1012EB83A1B009CC4C9 /* PBXContainerItemProxy */ = {
			isa = PBXContainerItemProxy;
			containerPortal = 24DED0E22EB83A1A009CC4C9 /* Project object */;
			proxyType = 1;
			remoteGlobalIDString = 24DED0E92EB83A1A009CC4C9;
			remoteInfo = Argo;
		};
		24DED10B2EB83A1B009CC4C9 /* PBXContainerItemProxy */ = {
			isa = PBXContainerItemProxy;
			containerPortal = 24DED0E22EB83A1A009CC4C9 /* Project object */;
			proxyType = 1;
			remoteGlobalIDString = 24DED0E92EB83A1A009CC4C9;
			remoteInfo = Argo;
		};
/* End PBXContainerItemProxy section */

/* Begin PBXFileReference section */
		24DED0EA2EB83A1A009CC4C9 /* Argo.app */ = {isa = PBXFileReference; explicitFileType = wrapper.application; includeInIndex = 0; path = Argo.app; sourceTree = BUILT_PRODUCTS_DIR; };
		24DED0ED2EB83A1A009CC4C9 /* ArgoApp.swift */ = {isa = PBXFileReference; lastKnownFileType = sourcecode.swift; path = ArgoApp.swift; sourceTree = "<group>"; };
		24DED0EF2EB83A1A009CC4C9 /* ContentView.swift */ = {isa = PBXFileReference; lastKnownFileType = sourcecode.swift; path = ContentView.swift; sourceTree = "<group>"; };
		24DED0F12EB83A1B009CC4C9 /* Assets.xcassets */ = {isa = PBXFileReference; lastKnownFileType = folder.assetcatalog; path = Assets.xcassets; sourceTree = "<group>"; };
		24DED0F42EB83A1B009CC4C9 /* Preview Assets.xcassets */ = {isa = PBXFileReference; lastKnownFileType = folder.assetcatalog; path = "Preview Assets.xcassets"; sourceTree = "<group>"; };
		24DED0F62EB83A1B009CC4C9 /* Persistence.swift */ = {isa = PBXFileReference; lastKnownFileType = sourcecode.swift; path = Persistence.swift; sourceTree = "<group>"; };
		24DED0F92EB83A1B009CC4C9 /* Argo.xcdatamodel */ = {isa = PBXFileReference; lastKnownFileType = wrapper.xcdatamodel; path = Argo.xcdatamodel; sourceTree = "<group>"; };
		24DED0FB2EB83A1B009CC4C9 /* Argo.entitlements */ = {isa = PBXFileReference; lastKnownFileType = text.plist.entitlements; path = Argo.entitlements; sourceTree = "<group>"; };
		24DED1002EB83A1B009CC4C9 /* ArgoTests.xctest */ = {isa = PBXFileReference; explicitFileType = wrapper.cfbundle; includeInIndex = 0; path = ArgoTests.xctest; sourceTree = BUILT_PRODUCTS_DIR; };
		24DED1042EB83A1B009CC4C9 /* ArgoTests.swift */ = {isa = PBXFileReference; lastKnownFileType = sourcecode.swift; path = ArgoTests.swift; sourceTree = "<group>"; };
		24DED10A2EB83A1B009CC4C9 /* ArgoUITests.xctest */ = {isa = PBXFileReference; explicitFileType = wrapper.cfbundle; includeInIndex = 0; path = ArgoUITests.xctest; sourceTree = BUILT_PRODUCTS_DIR; };
		24DED10E2EB83A1B009CC4C9 /* ArgoUITests.swift */ = {isa = PBXFileReference; lastKnownFileType = sourcecode.swift; path = ArgoUITests.swift; sourceTree = "<group>"; };
		24DED1102EB83A1B009CC4C9 /* ArgoUITestsLaunchTests.swift */ = {isa = PBXFileReference; lastKnownFileType = sourcecode.swift; path = ArgoUITestsLaunchTests.swift; sourceTree = "<group>"; };
		24DED11D2EB83A65009CC4C9 /* HomeView.swift */ = {isa = PBXFileReference; lastKnownFileType = sourcecode.swift; path = HomeView.swift; sourceTree = "<group>"; };
		24DED11F2EB83ED4009CC4C9 /* DiscussionsView.swift */ = {isa = PBXFileReference; lastKnownFileType = sourcecode.swift; path = DiscussionsView.swift; sourceTree = "<group>"; };
		24DED1212EB83FC1009CC4C9 /* PeopleView.swift */ = {isa = PBXFileReference; lastKnownFileType = sourcecode.swift; path = PeopleView.swift; sourceTree = "<group>"; };
		24DED1232EB83FD2009CC4C9 /* SettingsView.swift */ = {isa = PBXFileReference; lastKnownFileType = sourcecode.swift; path = SettingsView.swift; sourceTree = "<group>"; };
		24DED1252EB860E6009CC4C9 /* APIClient.swift */ = {isa = PBXFileReference; lastKnownFileType = sourcecode.swift; path = APIClient.swift; sourceTree = "<group>"; };
		24DED1272EB860FF009CC4C9 /* PersonDetailView.swift */ = {isa = PBXFileReference; lastKnownFileType = sourcecode.swift; path = PersonDetailView.swift; sourceTree = "<group>"; };
		24DED1292EB86170009CC4C9 /* APIModels.swift */ = {isa = PBXFileReference; lastKnownFileType = sourcecode.swift; path = APIModels.swift; sourceTree = "<group>"; };
		24DED12B2EB86517009CC4C9 /* Info.plist */ = {isa = PBXFileReference; lastKnownFileType = text.plist; path = Info.plist; sourceTree = "<group>"; };
		24DED12C2EB8729A009CC4C9 /* DiscussionDetailView.swift */ = {isa = PBXFileReference; lastKnownFileType = sourcecode.swift; path = DiscussionDetailView.swift; sourceTree = "<group>"; };
/* End PBXFileReference section */

/* Begin PBXFrameworksBuildPhase section */
		24DED0E72EB83A1A009CC4C9 /* Frameworks */ = {
			isa = PBXFrameworksBuildPhase;
			buildActionMask = 2147483647;
			files = (
			);
			runOnlyForDeploymentPostprocessing = 0;
		};
		24DED0FD2EB83A1B009CC4C9 /* Frameworks */ = {
			isa = PBXFrameworksBuildPhase;
			buildActionMask = 2147483647;
			files = (
			);
			runOnlyForDeploymentPostprocessing = 0;
		};
		24DED1072EB83A1B009CC4C9 /* Frameworks */ = {
			isa = PBXFrameworksBuildPhase;
			buildActionMask = 2147483647;
			files = (
			);
			runOnlyForDeploymentPostprocessing = 0;
		};
/* End PBXFrameworksBuildPhase section */

/* Begin PBXGroup section */
		24DED0E12EB83A1A009CC4C9 = {
			isa = PBXGroup;
			children = (
				24DED0EC2EB83A1A009CC4C9 /* Argo */,
				24DED1032EB83A1B009CC4C9 /* ArgoTests */,
				24DED10D2EB83A1B009CC4C9 /* ArgoUITests */,
				24DED0EB2EB83A1A009CC4C9 /* Products */,
			);
			sourceTree = "<group>";
		};
		24DED0EB2EB83A1A009CC4C9 /* Products */ = {
			isa = PBXGroup;
			children = (
				24DED0EA2EB83A1A009CC4C9 /* Argo.app */,
				24DED1002EB83A1B009CC4C9 /* ArgoTests.xctest */,
				24DED10A2EB83A1B009CC4C9 /* ArgoUITests.xctest */,
			);
			name = Products;
			sourceTree = "<group>";
		};
		24DED0EC2EB83A1A009CC4C9 /* Argo */ = {
			isa = PBXGroup;
			children = (
				24DED12B2EB86517009CC4C9 /* Info.plist */,
				24DED0ED2EB83A1A009CC4C9 /* ArgoApp.swift */,
				24DED0EF2EB83A1A009CC4C9 /* ContentView.swift */,
				24DED1252EB860E6009CC4C9 /* APIClient.swift */,
				24DED1272EB860FF009CC4C9 /* PersonDetailView.swift */,
				24DED0F12EB83A1B009CC4C9 /* Assets.xcassets */,
				24DED1292EB86170009CC4C9 /* APIModels.swift */,
				24DED0F62EB83A1B009CC4C9 /* Persistence.swift */,
				24DED0FB2EB83A1B009CC4C9 /* Argo.entitlements */,
				24DED0F82EB83A1B009CC4C9 /* Argo.xcdatamodeld */,
				24DED0F32EB83A1B009CC4C9 /* Preview Content */,
				24DED11D2EB83A65009CC4C9 /* HomeView.swift */,
				24DED11F2EB83ED4009CC4C9 /* DiscussionsView.swift */,
				24DED1212EB83FC1009CC4C9 /* PeopleView.swift */,
				24DED1232EB83FD2009CC4C9 /* SettingsView.swift */,
				24DED12C2EB8729A009CC4C9 /* DiscussionDetailView.swift */,
			);
			path = Argo;
			sourceTree = "<group>";
		};
		24DED0F32EB83A1B009CC4C9 /* Preview Content */ = {
			isa = PBXGroup;
			children = (
				24DED0F42EB83A1B009CC4C9 /* Preview Assets.xcassets */,
			);
			path = "Preview Content";
			sourceTree = "<group>";
		};
		24DED1032EB83A1B009CC4C9 /* ArgoTests */ = {
			isa = PBXGroup;
			children = (
				24DED1042EB83A1B009CC4C9 /* ArgoTests.swift */,
			);
			path = ArgoTests;
			sourceTree = "<group>";
		};
		24DED10D2EB83A1B009CC4C9 /* ArgoUITests */ = {
			isa = PBXGroup;
			children = (
				24DED10E2EB83A1B009CC4C9 /* ArgoUITests.swift */,
				24DED1102EB83A1B009CC4C9 /* ArgoUITestsLaunchTests.swift */,
			);
			path = ArgoUITests;
			sourceTree = "<group>";
		};
/* End PBXGroup section */

/* Begin PBXNativeTarget section */
		24DED0E92EB83A1A009CC4C9 /* Argo */ = {
			isa = PBXNativeTarget;
			buildConfigurationList = 24DED1142EB83A1B009CC4C9 /* Build configuration list for PBXNativeTarget "Argo" */;
			buildPhases = (
				24DED0E62EB83A1A009CC4C9 /* Sources */,
				24DED0E72EB83A1A009CC4C9 /* Frameworks */,
				24DED0E82EB83A1A009CC4C9 /* Resources */,
			);
			buildRules = (
			);
			dependencies = (
			);
			name = Argo;
			productName = Argo;
			productReference = 24DED0EA2EB83A1A009CC4C9 /* Argo.app */;
			productType = "com.apple.product-type.application";
		};
		24DED0FF2EB83A1B009CC4C9 /* ArgoTests */ = {
			isa = PBXNativeTarget;
			buildConfigurationList = 24DED1172EB83A1B009CC4C9 /* Build configuration list for PBXNativeTarget "ArgoTests" */;
			buildPhases = (
				24DED0FC2EB83A1B009CC4C9 /* Sources */,
				24DED0FD2EB83A1B009CC4C9 /* Frameworks */,
				24DED0FE2EB83A1B009CC4C9 /* Resources */,
			);
			buildRules = (
			);
			dependencies = (
				24DED1022EB83A1B009CC4C9 /* PBXTargetDependency */,
			);
			name = ArgoTests;
			productName = ArgoTests;
			productReference = 24DED1002EB83A1B009CC4C9 /* ArgoTests.xctest */;
			productType = "com.apple.product-type.bundle.unit-test";
		};
		24DED1092EB83A1B009CC4C9 /* ArgoUITests */ = {
			isa = PBXNativeTarget;
			buildConfigurationList = 24DED11A2EB83A1B009CC4C9 /* Build configuration list for PBXNativeTarget "ArgoUITests" */;
			buildPhases = (
				24DED1062EB83A1B009CC4C9 /* Sources */,
				24DED1072EB83A1B009CC4C9 /* Frameworks */,
				24DED1082EB83A1B009CC4C9 /* Resources */,
			);
			buildRules = (
			);
			dependencies = (
				24DED10C2EB83A1B009CC4C9 /* PBXTargetDependency */,
			);
			name = ArgoUITests;
			productName = ArgoUITests;
			productReference = 24DED10A2EB83A1B009CC4C9 /* ArgoUITests.xctest */;
			productType = "com.apple.product-type.bundle.ui-testing";
		};
/* End PBXNativeTarget section */

/* Begin PBXProject section */
		24DED0E22EB83A1A009CC4C9 /* Project object */ = {
			isa = PBXProject;
			attributes = {
				BuildIndependentTargetsInParallel = 1;
				LastSwiftUpdateCheck = 1510;
				LastUpgradeCheck = 1510;
				TargetAttributes = {
					24DED0E92EB83A1A009CC4C9 = {
						CreatedOnToolsVersion = 15.1;
					};
					24DED0FF2EB83A1B009CC4C9 = {
						CreatedOnToolsVersion = 15.1;
						TestTargetID = 24DED0E92EB83A1A009CC4C9;
					};
					24DED1092EB83A1B009CC4C9 = {
						CreatedOnToolsVersion = 15.1;
						TestTargetID = 24DED0E92EB83A1A009CC4C9;
					};
				};
			};
			buildConfigurationList = 24DED0E52EB83A1A009CC4C9 /* Build configuration list for PBXProject "Argo" */;
			compatibilityVersion = "Xcode 14.0";
			developmentRegion = en;
			hasScannedForEncodings = 0;
			knownRegions = (
				en,
				Base,
			);
			mainGroup = 24DED0E12EB83A1A009CC4C9;
			productRefGroup = 24DED0EB2EB83A1A009CC4C9 /* Products */;
			projectDirPath = "";
			projectRoot = "";
			targets = (
				24DED0E92EB83A1A009CC4C9 /* Argo */,
				24DED0FF2EB83A1B009CC4C9 /* ArgoTests */,
				24DED1092EB83A1B009CC4C9 /* ArgoUITests */,
			);
		};
/* End PBXProject section */

/* Begin PBXResourcesBuildPhase section */
		24DED0E82EB83A1A009CC4C9 /* Resources */ = {
			isa = PBXResourcesBuildPhase;
			buildActionMask = 2147483647;
			files = (
				24DED0F52EB83A1B009CC4C9 /* Preview Assets.xcassets in Resources */,
				24DED0F22EB83A1B009CC4C9 /* Assets.xcassets in Resources */,
			);
			runOnlyForDeploymentPostprocessing = 0;
		};
		24DED0FE2EB83A1B009CC4C9 /* Resources */ = {
			isa = PBXResourcesBuildPhase;
			buildActionMask = 2147483647;
			files = (
			);
			runOnlyForDeploymentPostprocessing = 0;
		};
		24DED1082EB83A1B009CC4C9 /* Resources */ = {
			isa = PBXResourcesBuildPhase;
			buildActionMask = 2147483647;
			files = (
			);
			runOnlyForDeploymentPostprocessing = 0;
		};
/* End PBXResourcesBuildPhase section */

/* Begin PBXSourcesBuildPhase section */
		24DED0E62EB83A1A009CC4C9 /* Sources */ = {
			isa = PBXSourcesBuildPhase;
			buildActionMask = 2147483647;
			files = (
				24DED0F72EB83A1B009CC4C9 /* Persistence.swift in Sources */,
				24DED1242EB83FD2009CC4C9 /* SettingsView.swift in Sources */,
				24DED1282EB860FF009CC4C9 /* PersonDetailView.swift in Sources */,
				24DED12D2EB8729A009CC4C9 /* DiscussionDetailView.swift in Sources */,
				24DED0F02EB83A1A009CC4C9 /* ContentView.swift in Sources */,
				24DED12A2EB86170009CC4C9 /* APIModels.swift in Sources */,
				24DED1222EB83FC1009CC4C9 /* PeopleView.swift in Sources */,
				24DED1202EB83ED4009CC4C9 /* DiscussionsView.swift in Sources */,
				24DED0FA2EB83A1B009CC4C9 /* Argo.xcdatamodeld in Sources */,
				24DED11E2EB83A65009CC4C9 /* HomeView.swift in Sources */,
				24DED0EE2EB83A1A009CC4C9 /* ArgoApp.swift in Sources */,
				24DED1262EB860E6009CC4C9 /* APIClient.swift in Sources */,
			);
			runOnlyForDeploymentPostprocessing = 0;
		};
		24DED0FC2EB83A1B009CC4C9 /* Sources */ = {
			isa = PBXSourcesBuildPhase;
			buildActionMask = 2147483647;
			files = (
				24DED1052EB83A1B009CC4C9 /* ArgoTests.swift in Sources */,
			);
			runOnlyForDeploymentPostprocessing = 0;
		};
		24DED1062EB83A1B009CC4C9 /* Sources */ = {
			isa = PBXSourcesBuildPhase;
			buildActionMask = 2147483647;
			files = (
				24DED10F2EB83A1B009CC4C9 /* ArgoUITests.swift in Sources */,
				24DED1112EB83A1B009CC4C9 /* ArgoUITestsLaunchTests.swift in Sources */,
			);
			runOnlyForDeploymentPostprocessing = 0;
		};
/* End PBXSourcesBuildPhase section */

/* Begin PBXTargetDependency section */
		24DED1022EB83A1B009CC4C9 /* PBXTargetDependency */ = {
			isa = PBXTargetDependency;
			target = 24DED0E92EB83A1A009CC4C9 /* Argo */;
			targetProxy = 24DED1012EB83A1B009CC4C9 /* PBXContainerItemProxy */;
		};
		24DED10C2EB83A1B009CC4C9 /* PBXTargetDependency */ = {
			isa = PBXTargetDependency;
			target = 24DED0E92EB83A1A009CC4C9 /* Argo */;
			targetProxy = 24DED10B2EB83A1B009CC4C9 /* PBXContainerItemProxy */;
		};
/* End PBXTargetDependency section */

/* Begin XCBuildConfiguration section */
		24DED1122EB83A1B009CC4C9 /* Debug */ = {
			isa = XCBuildConfiguration;
			buildSettings = {
				ALWAYS_SEARCH_USER_PATHS = NO;
				ASSETCATALOG_COMPILER_GENERATE_SWIFT_ASSET_SYMBOL_EXTENSIONS = YES;
				CLANG_ANALYZER_NONNULL = YES;
				CLANG_ANALYZER_NUMBER_OBJECT_CONVERSION = YES_AGGRESSIVE;
				CLANG_CXX_LANGUAGE_STANDARD = "gnu++20";
				CLANG_ENABLE_MODULES = YES;
				CLANG_ENABLE_OBJC_ARC = YES;
				CLANG_ENABLE_OBJC_WEAK = YES;
				CLANG_WARN_BLOCK_CAPTURE_AUTORELEASING = YES;
				CLANG_WARN_BOOL_CONVERSION = YES;
				CLANG_WARN_COMMA = YES;
				CLANG_WARN_CONSTANT_CONVERSION = YES;
				CLANG_WARN_DEPRECATED_OBJC_IMPLEMENTATIONS = YES;
				CLANG_WARN_DIRECT_OBJC_ISA_USAGE = YES_ERROR;
				CLANG_WARN_DOCUMENTATION_COMMENTS = YES;
				CLANG_WARN_EMPTY_BODY = YES;
				CLANG_WARN_ENUM_CONVERSION = YES;
				CLANG_WARN_INFINITE_RECURSION = YES;
				CLANG_WARN_INT_CONVERSION = YES;
				CLANG_WARN_NON_LITERAL_NULL_CONVERSION = YES;
				CLANG_WARN_OBJC_IMPLICIT_RETAIN_SELF = YES;
				CLANG_WARN_OBJC_LITERAL_CONVERSION = YES;
				CLANG_WARN_OBJC_ROOT_CLASS = YES_ERROR;
				CLANG_WARN_QUOTED_INCLUDE_IN_FRAMEWORK_HEADER = YES;
				CLANG_WARN_RANGE_LOOP_ANALYSIS = YES;
				CLANG_WARN_STRICT_PROTOTYPES = YES;
				CLANG_WARN_SUSPICIOUS_MOVE = YES;
				CLANG_WARN_UNGUARDED_AVAILABILITY = YES_AGGRESSIVE;
				CLANG_WARN_UNREACHABLE_CODE = YES;
				CLANG_WARN__DUPLICATE_METHOD_MATCH = YES;
				COPY_PHASE_STRIP = NO;
				DEBUG_INFORMATION_FORMAT = dwarf;
				ENABLE_STRICT_OBJC_MSGSEND = YES;
				ENABLE_TESTABILITY = YES;
				ENABLE_USER_SCRIPT_SANDBOXING = YES;
				GCC_C_LANGUAGE_STANDARD = gnu17;
				GCC_DYNAMIC_NO_PIC = NO;
				GCC_NO_COMMON_BLOCKS = YES;
				GCC_OPTIMIZATION_LEVEL = 0;
				GCC_PREPROCESSOR_DEFINITIONS = (
					"DEBUG=1",
					"$(inherited)",
				);
				GCC_WARN_64_TO_32_BIT_CONVERSION = YES;
				GCC_WARN_ABOUT_RETURN_TYPE = YES_ERROR;
				GCC_WARN_UNDECLARED_SELECTOR = YES;
				GCC_WARN_UNINITIALIZED_AUTOS = YES_AGGRESSIVE;
				GCC_WARN_UNUSED_FUNCTION = YES;
				GCC_WARN_UNUSED_VARIABLE = YES;
				LOCALIZATION_PREFERS_STRING_CATALOGS = YES;
				MACOSX_DEPLOYMENT_TARGET = 14.1;
				MTL_ENABLE_DEBUG_INFO = INCLUDE_SOURCE;
				MTL_FAST_MATH = YES;
				ONLY_ACTIVE_ARCH = YES;
				SDKROOT = macosx;
				SWIFT_ACTIVE_COMPILATION_CONDITIONS = "DEBUG $(inherited)";
				SWIFT_OPTIMIZATION_LEVEL = "-Onone";
			};
			name = Debug;
		};
		24DED1132EB83A1B009CC4C9 /* Release */ = {
			isa = XCBuildConfiguration;
			buildSettings = {
				ALWAYS_SEARCH_USER_PATHS = NO;
				ASSETCATALOG_COMPILER_GENERATE_SWIFT_ASSET_SYMBOL_EXTENSIONS = YES;
				CLANG_ANALYZER_NONNULL = YES;
				CLANG_ANALYZER_NUMBER_OBJECT_CONVERSION = YES_AGGRESSIVE;
				CLANG_CXX_LANGUAGE_STANDARD = "gnu++20";
				CLANG_ENABLE_MODULES = YES;
				CLANG_ENABLE_OBJC_ARC = YES;
				CLANG_ENABLE_OBJC_WEAK = YES;
				CLANG_WARN_BLOCK_CAPTURE_AUTORELEASING = YES;
				CLANG_WARN_BOOL_CONVERSION = YES;
				CLANG_WARN_COMMA = YES;
				CLANG_WARN_CONSTANT_CONVERSION = YES;
				CLANG_WARN_DEPRECATED_OBJC_IMPLEMENTATIONS = YES;
				CLANG_WARN_DIRECT_OBJC_ISA_USAGE = YES_ERROR;
				CLANG_WARN_DOCUMENTATION_COMMENTS = YES;
				CLANG_WARN_EMPTY_BODY = YES;
				CLANG_WARN_ENUM_CONVERSION = YES;
				CLANG_WARN_INFINITE_RECURSION = YES;
				CLANG_WARN_INT_CONVERSION = YES;
				CLANG_WARN_NON_LITERAL_NULL_CONVERSION = YES;
				CLANG_WARN_OBJC_IMPLICIT_RETAIN_SELF = YES;
				CLANG_WARN_OBJC_LITERAL_CONVERSION = YES;
				CLANG_WARN_OBJC_ROOT_CLASS = YES_ERROR;
				CLANG_WARN_QUOTED_INCLUDE_IN_FRAMEWORK_HEADER = YES;
				CLANG_WARN_RANGE_LOOP_ANALYSIS = YES;
				CLANG_WARN_STRICT_PROTOTYPES = YES;
				CLANG_WARN_SUSPICIOUS_MOVE = YES;
				CLANG_WARN_UNGUARDED_AVAILABILITY = YES_AGGRESSIVE;
				CLANG_WARN_UNREACHABLE_CODE = YES;
				CLANG_WARN__DUPLICATE_METHOD_MATCH = YES;
				COPY_PHASE_STRIP = NO;
				DEBUG_INFORMATION_FORMAT = "dwarf-with-dsym";
				ENABLE_NS_ASSERTIONS = NO;
				ENABLE_STRICT_OBJC_MSGSEND = YES;
				ENABLE_USER_SCRIPT_SANDBOXING = YES;
				GCC_C_LANGUAGE_STANDARD = gnu17;
				GCC_NO_COMMON_BLOCKS = YES;
				GCC_WARN_64_TO_32_BIT_CONVERSION = YES;
				GCC_WARN_ABOUT_RETURN_TYPE = YES_ERROR;
				GCC_WARN_UNDECLARED_SELECTOR = YES;
				GCC_WARN_UNINITIALIZED_AUTOS = YES_AGGRESSIVE;
				GCC_WARN_UNUSED_FUNCTION = YES;
				GCC_WARN_UNUSED_VARIABLE = YES;
				LOCALIZATION_PREFERS_STRING_CATALOGS = YES;
				MACOSX_DEPLOYMENT_TARGET = 14.1;
				MTL_ENABLE_DEBUG_INFO = NO;
				MTL_FAST_MATH = YES;
				SDKROOT = macosx;
				SWIFT_COMPILATION_MODE = wholemodule;
			};
			name = Release;
		};
		24DED1152EB83A1B009CC4C9 /* Debug */ = {
			isa = XCBuildConfiguration;
			buildSettings = {
				ASSETCATALOG_COMPILER_APPICON_NAME = AppIcon;
				ASSETCATALOG_COMPILER_GLOBAL_ACCENT_COLOR_NAME = AccentColor;
				CODE_SIGN_ENTITLEMENTS = Argo/Argo.entitlements;
				CODE_SIGN_STYLE = Automatic;
				COMBINE_HIDPI_IMAGES = YES;
				CURRENT_PROJECT_VERSION = 1;
				DEVELOPMENT_ASSET_PATHS = "\"Argo/Preview Content\"";
				ENABLE_PREVIEWS = YES;
				GENERATE_INFOPLIST_FILE = YES;
				INFOPLIST_FILE = Argo/Info.plist;
				INFOPLIST_KEY_LSApplicationCategoryType = "";
				INFOPLIST_KEY_NSHumanReadableCopyright = "";
				LD_RUNPATH_SEARCH_PATHS = (
					"$(inherited)",
					"@executable_path/../Frameworks",
				);
				MARKETING_VERSION = 1.0;
				PRODUCT_BUNDLE_IDENTIFIER = com.Argo;
				PRODUCT_NAME = "$(TARGET_NAME)";
				SWIFT_EMIT_LOC_STRINGS = YES;
				SWIFT_VERSION = 5.0;
			};
			name = Debug;
		};
		24DED1162EB83A1B009CC4C9 /* Release */ = {
			isa = XCBuildConfiguration;
			buildSettings = {
				ASSETCATALOG_COMPILER_APPICON_NAME = AppIcon;
				ASSETCATALOG_COMPILER_GLOBAL_ACCENT_COLOR_NAME = AccentColor;
				CODE_SIGN_ENTITLEMENTS = Argo/Argo.entitlements;
				CODE_SIGN_STYLE = Automatic;
				COMBINE_HIDPI_IMAGES = YES;
				CURRENT_PROJECT_VERSION = 1;
				DEVELOPMENT_ASSET_PATHS = "\"Argo/Preview Content\"";
				ENABLE_PREVIEWS = YES;
				GENERATE_INFOPLIST_FILE = YES;
				INFOPLIST_FILE = Argo/Info.plist;
				INFOPLIST_KEY_LSApplicationCategoryType = "";
				INFOPLIST_KEY_NSHumanReadableCopyright = "";
				LD_RUNPATH_SEARCH_PATHS = (
					"$(inherited)",
					"@executable_path/../Frameworks",
				);
				MARKETING_VERSION = 1.0;
				PRODUCT_BUNDLE_IDENTIFIER = com.Argo;
				PRODUCT_NAME = "$(TARGET_NAME)";
				SWIFT_EMIT_LOC_STRINGS = YES;
				SWIFT_VERSION = 5.0;
			};
			name = Release;
		};
		24DED1182EB83A1B009CC4C9 /* Debug */ = {
			isa = XCBuildConfiguration;
			buildSettings = {
				ALWAYS_EMBED_SWIFT_STANDARD_LIBRARIES = YES;
				BUNDLE_LOADER = "$(TEST_HOST)";
				CODE_SIGN_STYLE = Automatic;
				CURRENT_PROJECT_VERSION = 1;
				GENERATE_INFOPLIST_FILE = YES;
				MACOSX_DEPLOYMENT_TARGET = 14.1;
				MARKETING_VERSION = 1.0;
				PRODUCT_BUNDLE_IDENTIFIER = com.ArgoTests;
				PRODUCT_NAME = "$(TARGET_NAME)";
				SWIFT_EMIT_LOC_STRINGS = NO;
				SWIFT_VERSION = 5.0;
				TEST_HOST = "$(BUILT_PRODUCTS_DIR)/Argo.app/$(BUNDLE_EXECUTABLE_FOLDER_PATH)/Argo";
			};
			name = Debug;
		};
		24DED1192EB83A1B009CC4C9 /* Release */ = {
			isa = XCBuildConfiguration;
			buildSettings = {
				ALWAYS_EMBED_SWIFT_STANDARD_LIBRARIES = YES;
				BUNDLE_LOADER = "$(TEST_HOST)";
				CODE_SIGN_STYLE = Automatic;
				CURRENT_PROJECT_VERSION = 1;
				GENERATE_INFOPLIST_FILE = YES;
				MACOSX_DEPLOYMENT_TARGET = 14.1;
				MARKETING_VERSION = 1.0;
				PRODUCT_BUNDLE_IDENTIFIER = com.ArgoTests;
				PRODUCT_NAME = "$(TARGET_NAME)";
				SWIFT_EMIT_LOC_STRINGS = NO;
				SWIFT_VERSION = 5.0;
				TEST_HOST = "$(BUILT_PRODUCTS_DIR)/Argo.app/$(BUNDLE_EXECUTABLE_FOLDER_PATH)/Argo";
			};
			name = Release;
		};
		24DED11B2EB83A1B009CC4C9 /* Debug */ = {
			isa = XCBuildConfiguration;
			buildSettings = {
				ALWAYS_EMBED_SWIFT_STANDARD_LIBRARIES = YES;
				CODE_SIGN_STYLE = Automatic;
				CURRENT_PROJECT_VERSION = 1;
				GENERATE_INFOPLIST_FILE = YES;
				MARKETING_VERSION = 1.0;
				PRODUCT_BUNDLE_IDENTIFIER = com.ArgoUITests;
				PRODUCT_NAME = "$(TARGET_NAME)";
				SWIFT_EMIT_LOC_STRINGS = NO;
				SWIFT_VERSION = 5.0;
				TEST_TARGET_NAME = Argo;
			};
			name = Debug;
		};
		24DED11C2EB83A1B009CC4C9 /* Release */ = {
			isa = XCBuildConfiguration;
			buildSettings = {
				ALWAYS_EMBED_SWIFT_STANDARD_LIBRARIES = YES;
				CODE_SIGN_STYLE = Automatic;
				CURRENT_PROJECT_VERSION = 1;
				GENERATE_INFOPLIST_FILE = YES;
				MARKETING_VERSION = 1.0;
				PRODUCT_BUNDLE_IDENTIFIER = com.ArgoUITests;
				PRODUCT_NAME = "$(TARGET_NAME)";
				SWIFT_EMIT_LOC_STRINGS = NO;
				SWIFT_VERSION = 5.0;
				TEST_TARGET_NAME = Argo;
			};
			name = Release;
		};
/* End XCBuildConfiguration section */

/* Begin XCConfigurationList section */
		24DED0E52EB83A1A009CC4C9 /* Build configuration list for PBXProject "Argo" */ = {
			isa = XCConfigurationList;
			buildConfigurations = (
				24DED1122EB83A1B009CC4C9 /* Debug */,
				24DED1132EB83A1B009CC4C9 /* Release */,
			);
			defaultConfigurationIsVisible = 0;
			defaultConfigurationName = Release;
		};
		24DED1142EB83A1B009CC4C9 /* Build configuration list for PBXNativeTarget "Argo" */ = {
			isa = XCConfigurationList;
			buildConfigurations = (
				24DED1152EB83A1B009CC4C9 /* Debug */,
				24DED1162EB83A1B009CC4C9 /* Release */,
			);
			defaultConfigurationIsVisible = 0;
			defaultConfigurationName = Release;
		};
		24DED1172EB83A1B009CC4C9 /* Build configuration list for PBXNativeTarget "ArgoTests" */ = {
			isa = XCConfigurationList;
			buildConfigurations = (
				24DED1182EB83A1B009CC4C9 /* Debug */,
				24DED1192EB83A1B009CC4C9 /* Release */,
			);
			defaultConfigurationIsVisible = 0;
			defaultConfigurationName = Release;
		};
		24DED11A2EB83A1B009CC4C9 /* Build configuration list for PBXNativeTarget "ArgoUITests" */ = {
			isa = XCConfigurationList;
			buildConfigurations = (
				24DED11B2EB83A1B009CC4C9 /* Debug */,
				24DED11C2EB83A1B009CC4C9 /* Release */,
			);
			defaultConfigurationIsVisible = 0;
			defaultConfigurationName = Release;
		};
/* End XCConfigurationList section */

/* Begin XCVersionGroup section */
		24DED0F82EB83A1B009CC4C9 /* Argo.xcdatamodeld */ = {
			isa = XCVersionGroup;
			children = (
				24DED0F92EB83A1B009CC4C9 /* Argo.xcdatamodel */,
			);
			currentVersion = 24DED0F92EB83A1B009CC4C9 /* Argo.xcdatamodel */;
			path = Argo.xcdatamodeld;
			sourceTree = "<group>";
			versionGroupType = wrapper.xcdatamodel;
		};
/* End XCVersionGroup section */
	};
	rootObject = 24DED0E22EB83A1A009CC4C9 /* Project object */;
}
